
Microsoft Visual Studio Solution File, Format Version 12.00
# Visual Studio 15
VisualStudioVersion = 15.0.28307.852
MinimumVisualStudioVersion = 10.0.40219.1
Project("{9A19103F-16F7-4668-BE54-9A1E7A4F7556}") = "ChatProgram", "ChatProgram\ChatProgram.csproj", "{4B46124C-344B-4EB2-9FDA-93B5C2BAAB26}"
EndProject
Project("{9A19103F-16F7-4668-BE54-9A1E7A4F7556}") = "Client", "Client\Client.csproj", "{5A69A4F4-46B6-4096-A79C-49919F82DA79}"
EndProject
Project("{FAE04EC0-301F-11D3-BF4B-00C04F79EFBC}") = "Server", "Server\Server.csproj", "{BCD9BB86-C1D8-4E3A-8BEB-5D11B42860EE}"
EndProject
Global
	GlobalSection(SolutionConfigurationPlatforms) = preSolution
		Debug|Any CPU = Debug|Any CPU
		Release|Any CPU = Release|Any CPU
	EndGlobalSection
	GlobalSection(ProjectConfigurationPlatforms) = postSolution
		{4B46124C-344B-4EB2-9FDA-93B5C2BAAB26}.Debug|Any CPU.ActiveCfg = Debug|Any CPU
		{4B46124C-344B-4EB2-9FDA-93B5C2BAAB26}.Debug|Any CPU.Build.0 = Debug|Any CPU
		{4B46124C-344B-4EB2-9FDA-93B5C2BAAB26}.Release|Any CPU.ActiveCfg = Release|Any CPU
		{4B46124C-344B-4EB2-9FDA-93B5C2BAAB26}.Release|Any CPU.Build.0 = Release|Any CPU
		{5A69A4F4-46B6-4096-A79C-49919F82DA79}.Debug|Any CPU.ActiveCfg = Debug|Any CPU
		{5A69A4F4-46B6-4096-A79C-49919F82DA79}.Debug|Any CPU.Build.0 = Debug|Any CPU
		{5A69A4F4-46B6-4096-A79C-49919F82DA79}.Release|Any CPU.ActiveCfg = Release|Any CPU
		{5A69A4F4-46B6-4096-A79C-49919F82DA79}.Release|Any CPU.Build.0 = Release|Any CPU
		{BCD9BB86-C1D8-4E3A-8BEB-5D11B42860EE}.Debug|Any CPU.ActiveCfg = Debug|Any CPU
		{BCD9BB86-C1D8-4E3A-8BEB-5D11B42860EE}.Debug|Any CPU.Build.0 = Debug|Any CPU
		{BCD9BB86-C1D8-4E3A-8BEB-5D11B42860EE}.Release|Any CPU.ActiveCfg = Release|Any CPU
		{BCD9BB86-C1D8-4E3A-8BEB-5D11B42860EE}.Release|Any CPU.Build.0 = Release|Any CPU
	EndGlobalSection
	GlobalSection(SolutionProperties) = preSolution
		HideSolutionNode = FALSE
	EndGlobalSection
	GlobalSection(ExtensibilityGlobals) = postSolution
		SolutionGuid = {BB84D2DA-CF6C-41BE-B556-708133C508DF}
	EndGlobalSection
EndGlobal
