
Microsoft Visual Studio Solution File, Format Version 12.00
# Visual Studio 15
VisualStudioVersion = 15.0.28307.852
MinimumVisualStudioVersion = 10.0.40219.1
Project("{FAE04EC0-301F-11D3-BF4B-00C04F79EFBC}") = "StudentManager", "StudentManager\StudentManager.csproj", "{993200FA-095F-4E27-8BB3-D6900202FB1B}"
EndProject
Global
	GlobalSection(SolutionConfigurationPlatforms) = preSolution
		Debug|Any CPU = Debug|Any CPU
		Release|Any CPU = Release|Any CPU
	EndGlobalSection
	GlobalSection(ProjectConfigurationPlatforms) = postSolution
		{993200FA-095F-4E27-8BB3-D6900202FB1B}.Debug|Any CPU.ActiveCfg = Debug|Any CPU
		{993200FA-095F-4E27-8BB3-D6900202FB1B}.Debug|Any CPU.Build.0 = Debug|Any CPU
		{993200FA-095F-4E27-8BB3-D6900202FB1B}.Release|Any CPU.ActiveCfg = Release|Any CPU
		{993200FA-095F-4E27-8BB3-D6900202FB1B}.Release|Any CPU.Build.0 = Release|Any CPU
	EndGlobalSection
	GlobalSection(SolutionProperties) = preSolution
		HideSolutionNode = FALSE
	EndGlobalSection
	GlobalSection(ExtensibilityGlobals) = postSolution
		SolutionGuid = {F5791CCC-9587-4017-AFB2-DA18A86A34B8}
	EndGlobalSection
EndGlobal
